
Microsoft Visual Studio Solution File, Format Version 12.00
# Visual Studio Version 17
VisualStudioVersion = 17.2.32630.192
MinimumVisualStudioVersion = 10.0.40219.1
Project("{FAE04EC0-301F-11D3-BF4B-00C04F79EFBC}") = "ToDoList", "ToDoList\ToDoList.csproj", "{89B27C43-8D56-4E6B-A624-9D8FDA7B8E85}"
EndProject
Global
	GlobalSection(SolutionConfigurationPlatforms) = preSolution
		Debug|Any CPU = Debug|Any CPU
		Release|Any CPU = Release|Any CPU
	EndGlobalSection
	GlobalSection(ProjectConfigurationPlatforms) = postSolution
		{89B27C43-8D56-4E6B-A624-9D8FDA7B8E85}.Debug|Any CPU.ActiveCfg = Debug|Any CPU
		{89B27C43-8D56-4E6B-A624-9D8FDA7B8E85}.Debug|Any CPU.Build.0 = Debug|Any CPU
		{89B27C43-8D56-4E6B-A624-9D8FDA7B8E85}.Release|Any CPU.ActiveCfg = Release|Any CPU
		{89B27C43-8D56-4E6B-A624-9D8FDA7B8E85}.Release|Any CPU.Build.0 = Release|Any CPU
	EndGlobalSection
	GlobalSection(SolutionProperties) = preSolution
		HideSolutionNode = FALSE
	EndGlobalSection
	GlobalSection(ExtensibilityGlobals) = postSolution
		SolutionGuid = {349F9AD7-7517-4272-AC38-0E5E66BD06C2}
	EndGlobalSection
EndGlobal
